
Microsoft Visual Studio Solution File, Format Version 9.00
# Visual Studio 2005
Project("{8BC9CEB8-8B4A-11D0-8D11-00A0C91BC942}") = "PointCloudClassifyReader", "PointCloudClassifyReader\PointCloudClassifyReader.vcproj", "{325CD393-3A67-4B30-A311-2F549990C7CF}"
EndProject
Project("{8BC9CEB8-8B4A-11D0-8D11-00A0C91BC942}") = "OsgFrameWork", "OsgFrameWork\OsgFrameWork.vcproj", "{D9407026-C64B-4612-AE50-AEE6A8A6BA01}"
EndProject
Project("{8BC9CEB8-8B4A-11D0-8D11-00A0C91BC942}") = "ive2off", "ive2off\ive2off.vcproj", "{3CA3EC5C-3713-4BA2-87B8-FC1FF3B35D2C}"
EndProject
Project("{2150E333-8FDC-42A3-9474-1A3956D46DE8}") = "plugin", "plugin", "{D7BC48D8-DBF7-4CE7-925A-E52690EC3B94}"
EndProject
Project("{8BC9CEB8-8B4A-11D0-8D11-00A0C91BC942}") = "PointCloudLODGenerator", "PointCloudLODGenerator\PointCloudLODGenerator.vcproj", "{A5B87F57-6037-41E2-BAB2-B4B6CDB5DCD6}"
	ProjectSection(ProjectDependencies) = postProject
		{562F58AC-DB1F-4EBC-B95E-1FE1FD5108A6} = {562F58AC-DB1F-4EBC-B95E-1FE1FD5108A6}
	EndProjectSection
EndProject
Project("{8BC9CEB8-8B4A-11D0-8D11-00A0C91BC942}") = "PointDividor", "KdTree\kdTreeNodes\kdTreeNodes.vcproj", "{562F58AC-DB1F-4EBC-B95E-1FE1FD5108A6}"
EndProject
Project("{2150E333-8FDC-42A3-9474-1A3956D46DE8}") = "PointCloud", "PointCloud", "{C7BF8C48-B6C4-402E-B4DB-7163CB35D5C6}"
EndProject
Project("{2150E333-8FDC-42A3-9474-1A3956D46DE8}") = "Convert", "Convert", "{39C9325F-1890-4E8B-AD37-A8E4F5AB7458}"
EndProject
Project("{2150E333-8FDC-42A3-9474-1A3956D46DE8}") = "Classify", "Classify", "{38F7F926-2F3A-4590-8605-E57669C405B6}"
EndProject
Project("{2150E333-8FDC-42A3-9474-1A3956D46DE8}") = "LOD", "LOD", "{74F5938A-A060-4689-9E1B-C3012613244E}"
EndProject
Project("{54435603-DBB4-11D2-8724-00A0C9A8B90C}") = "OsgFrameWorkSetup", "InstallOsgFrameWork\InstallOsgFrameWork.vdproj", "{28673A2F-06A4-4FCC-8440-01345A70EA3A}"
EndProject
Project("{2150E333-8FDC-42A3-9474-1A3956D46DE8}") = "Building", "Building", "{0AED93CB-D5FB-4A6F-89A6-F799D0446A9F}"
EndProject
Project("{8BC9CEB8-8B4A-11D0-8D11-00A0C91BC942}") = "ModelSimplify", "Simplify\ModelSimplify\ModelSimplify.vcproj", "{D35B016B-8928-405E-BC14-58D884D4AF0F}"
EndProject
Project("{8BC9CEB8-8B4A-11D0-8D11-00A0C91BC942}") = "BuildingSimplifier", "BuildingSimplifier\BuildingSimplifier.vcproj", "{AA614219-3729-4279-ACD7-9F943AD83F38}"
	ProjectSection(ProjectDependencies) = postProject
		{D35B016B-8928-405E-BC14-58D884D4AF0F} = {D35B016B-8928-405E-BC14-58D884D4AF0F}
	EndProjectSection
EndProject
Project("{2150E333-8FDC-42A3-9474-1A3956D46DE8}") = "Control", "Control", "{5AB7896D-D1D3-4BB1-8E36-AEEAE94B946E}"
EndProject
Project("{8BC9CEB8-8B4A-11D0-8D11-00A0C91BC942}") = "PointCloudProcess", "PointCloudProcess\PointCloudProcess\PointCloudProcess.vcproj", "{974E2080-9A5A-4BFA-B217-92418CFC2EFB}"
EndProject
Project("{8BC9CEB8-8B4A-11D0-8D11-00A0C91BC942}") = "PointCloudProcessor", "PointCloudProcessor\PointCloudProcessor.vcproj", "{6065D76B-6B41-4F11-83A6-9C7D1F367D0B}"
	ProjectSection(ProjectDependencies) = postProject
		{974E2080-9A5A-4BFA-B217-92418CFC2EFB} = {974E2080-9A5A-4BFA-B217-92418CFC2EFB}
	EndProjectSection
EndProject
Global
	GlobalSection(SolutionConfigurationPlatforms) = preSolution
		Debug|Any CPU = Debug|Any CPU
		Debug|Mixed Platforms = Debug|Mixed Platforms
		Debug|Win32 = Debug|Win32
		Release|Any CPU = Release|Any CPU
		Release|Mixed Platforms = Release|Mixed Platforms
		Release|Win32 = Release|Win32
	EndGlobalSection
	GlobalSection(ProjectConfigurationPlatforms) = postSolution
		{325CD393-3A67-4B30-A311-2F549990C7CF}.Debug|Any CPU.ActiveCfg = Debug|Win32
		{325CD393-3A67-4B30-A311-2F549990C7CF}.Debug|Mixed Platforms.ActiveCfg = Debug|Win32
		{325CD393-3A67-4B30-A311-2F549990C7CF}.Debug|Mixed Platforms.Build.0 = Debug|Win32
		{325CD393-3A67-4B30-A311-2F549990C7CF}.Debug|Win32.ActiveCfg = Debug|Win32
		{325CD393-3A67-4B30-A311-2F549990C7CF}.Debug|Win32.Build.0 = Debug|Win32
		{325CD393-3A67-4B30-A311-2F549990C7CF}.Release|Any CPU.ActiveCfg = Release|Win32
		{325CD393-3A67-4B30-A311-2F549990C7CF}.Release|Mixed Platforms.ActiveCfg = Release|Win32
		{325CD393-3A67-4B30-A311-2F549990C7CF}.Release|Mixed Platforms.Build.0 = Release|Win32
		{325CD393-3A67-4B30-A311-2F549990C7CF}.Release|Win32.ActiveCfg = Release|Win32
		{325CD393-3A67-4B30-A311-2F549990C7CF}.Release|Win32.Build.0 = Release|Win32
		{D9407026-C64B-4612-AE50-AEE6A8A6BA01}.Debug|Any CPU.ActiveCfg = Debug|Win32
		{D9407026-C64B-4612-AE50-AEE6A8A6BA01}.Debug|Mixed Platforms.ActiveCfg = Debug|Win32
		{D9407026-C64B-4612-AE50-AEE6A8A6BA01}.Debug|Mixed Platforms.Build.0 = Debug|Win32
		{D9407026-C64B-4612-AE50-AEE6A8A6BA01}.Debug|Win32.ActiveCfg = Debug|Win32
		{D9407026-C64B-4612-AE50-AEE6A8A6BA01}.Debug|Win32.Build.0 = Debug|Win32
		{D9407026-C64B-4612-AE50-AEE6A8A6BA01}.Release|Any CPU.ActiveCfg = Release|Win32
		{D9407026-C64B-4612-AE50-AEE6A8A6BA01}.Release|Mixed Platforms.ActiveCfg = Release|Win32
		{D9407026-C64B-4612-AE50-AEE6A8A6BA01}.Release|Mixed Platforms.Build.0 = Release|Win32
		{D9407026-C64B-4612-AE50-AEE6A8A6BA01}.Release|Win32.ActiveCfg = Release|Win32
		{D9407026-C64B-4612-AE50-AEE6A8A6BA01}.Release|Win32.Build.0 = Release|Win32
		{3CA3EC5C-3713-4BA2-87B8-FC1FF3B35D2C}.Debug|Any CPU.ActiveCfg = Debug|Win32
		{3CA3EC5C-3713-4BA2-87B8-FC1FF3B35D2C}.Debug|Mixed Platforms.ActiveCfg = Debug|Win32
		{3CA3EC5C-3713-4BA2-87B8-FC1FF3B35D2C}.Debug|Mixed Platforms.Build.0 = Debug|Win32
		{3CA3EC5C-3713-4BA2-87B8-FC1FF3B35D2C}.Debug|Win32.ActiveCfg = Debug|Win32
		{3CA3EC5C-3713-4BA2-87B8-FC1FF3B35D2C}.Debug|Win32.Build.0 = Debug|Win32
		{3CA3EC5C-3713-4BA2-87B8-FC1FF3B35D2C}.Release|Any CPU.ActiveCfg = Release|Win32
		{3CA3EC5C-3713-4BA2-87B8-FC1FF3B35D2C}.Release|Mixed Platforms.ActiveCfg = Release|Win32
		{3CA3EC5C-3713-4BA2-87B8-FC1FF3B35D2C}.Release|Mixed Platforms.Build.0 = Release|Win32
		{3CA3EC5C-3713-4BA2-87B8-FC1FF3B35D2C}.Release|Win32.ActiveCfg = Release|Win32
		{3CA3EC5C-3713-4BA2-87B8-FC1FF3B35D2C}.Release|Win32.Build.0 = Release|Win32
		{A5B87F57-6037-41E2-BAB2-B4B6CDB5DCD6}.Debug|Any CPU.ActiveCfg = Debug|Win32
		{A5B87F57-6037-41E2-BAB2-B4B6CDB5DCD6}.Debug|Mixed Platforms.ActiveCfg = Debug|Win32
		{A5B87F57-6037-41E2-BAB2-B4B6CDB5DCD6}.Debug|Mixed Platforms.Build.0 = Debug|Win32
		{A5B87F57-6037-41E2-BAB2-B4B6CDB5DCD6}.Debug|Win32.ActiveCfg = Debug|Win32
		{A5B87F57-6037-41E2-BAB2-B4B6CDB5DCD6}.Debug|Win32.Build.0 = Debug|Win32
		{A5B87F57-6037-41E2-BAB2-B4B6CDB5DCD6}.Release|Any CPU.ActiveCfg = Release|Win32
		{A5B87F57-6037-41E2-BAB2-B4B6CDB5DCD6}.Release|Mixed Platforms.ActiveCfg = Release|Win32
		{A5B87F57-6037-41E2-BAB2-B4B6CDB5DCD6}.Release|Mixed Platforms.Build.0 = Release|Win32
		{A5B87F57-6037-41E2-BAB2-B4B6CDB5DCD6}.Release|Win32.ActiveCfg = Release|Win32
		{A5B87F57-6037-41E2-BAB2-B4B6CDB5DCD6}.Release|Win32.Build.0 = Release|Win32
		{562F58AC-DB1F-4EBC-B95E-1FE1FD5108A6}.Debug|Any CPU.ActiveCfg = Debug|Win32
		{562F58AC-DB1F-4EBC-B95E-1FE1FD5108A6}.Debug|Mixed Platforms.ActiveCfg = Debug|Win32
		{562F58AC-DB1F-4EBC-B95E-1FE1FD5108A6}.Debug|Mixed Platforms.Build.0 = Debug|Win32
		{562F58AC-DB1F-4EBC-B95E-1FE1FD5108A6}.Debug|Win32.ActiveCfg = Debug|Win32
		{562F58AC-DB1F-4EBC-B95E-1FE1FD5108A6}.Debug|Win32.Build.0 = Debug|Win32
		{562F58AC-DB1F-4EBC-B95E-1FE1FD5108A6}.Release|Any CPU.ActiveCfg = Release|Win32
		{562F58AC-DB1F-4EBC-B95E-1FE1FD5108A6}.Release|Mixed Platforms.ActiveCfg = Release|Win32
		{562F58AC-DB1F-4EBC-B95E-1FE1FD5108A6}.Release|Mixed Platforms.Build.0 = Release|Win32
		{562F58AC-DB1F-4EBC-B95E-1FE1FD5108A6}.Release|Win32.ActiveCfg = Release|Win32
		{562F58AC-DB1F-4EBC-B95E-1FE1FD5108A6}.Release|Win32.Build.0 = Release|Win32
		{28673A2F-06A4-4FCC-8440-01345A70EA3A}.Debug|Any CPU.ActiveCfg = Debug
		{28673A2F-06A4-4FCC-8440-01345A70EA3A}.Debug|Any CPU.Build.0 = Debug
		{28673A2F-06A4-4FCC-8440-01345A70EA3A}.Debug|Mixed Platforms.ActiveCfg = Debug
		{28673A2F-06A4-4FCC-8440-01345A70EA3A}.Debug|Mixed Platforms.Build.0 = Debug
		{28673A2F-06A4-4FCC-8440-01345A70EA3A}.Debug|Win32.ActiveCfg = Debug
		{28673A2F-06A4-4FCC-8440-01345A70EA3A}.Release|Any CPU.ActiveCfg = Release
		{28673A2F-06A4-4FCC-8440-01345A70EA3A}.Release|Any CPU.Build.0 = Release
		{28673A2F-06A4-4FCC-8440-01345A70EA3A}.Release|Mixed Platforms.ActiveCfg = Release
		{28673A2F-06A4-4FCC-8440-01345A70EA3A}.Release|Mixed Platforms.Build.0 = Release
		{28673A2F-06A4-4FCC-8440-01345A70EA3A}.Release|Win32.ActiveCfg = Release
		{D35B016B-8928-405E-BC14-58D884D4AF0F}.Debug|Any CPU.ActiveCfg = Debug|Win32
		{D35B016B-8928-405E-BC14-58D884D4AF0F}.Debug|Mixed Platforms.ActiveCfg = Debug|Win32
		{D35B016B-8928-405E-BC14-58D884D4AF0F}.Debug|Mixed Platforms.Build.0 = Debug|Win32
		{D35B016B-8928-405E-BC14-58D884D4AF0F}.Debug|Win32.ActiveCfg = Debug|Win32
		{D35B016B-8928-405E-BC14-58D884D4AF0F}.Debug|Win32.Build.0 = Debug|Win32
		{D35B016B-8928-405E-BC14-58D884D4AF0F}.Release|Any CPU.ActiveCfg = Release|Win32
		{D35B016B-8928-405E-BC14-58D884D4AF0F}.Release|Mixed Platforms.ActiveCfg = Release|Win32
		{D35B016B-8928-405E-BC14-58D884D4AF0F}.Release|Mixed Platforms.Build.0 = Release|Win32
		{D35B016B-8928-405E-BC14-58D884D4AF0F}.Release|Win32.ActiveCfg = Release|Win32
		{D35B016B-8928-405E-BC14-58D884D4AF0F}.Release|Win32.Build.0 = Release|Win32
		{AA614219-3729-4279-ACD7-9F943AD83F38}.Debug|Any CPU.ActiveCfg = Debug|Win32
		{AA614219-3729-4279-ACD7-9F943AD83F38}.Debug|Mixed Platforms.ActiveCfg = Debug|Win32
		{AA614219-3729-4279-ACD7-9F943AD83F38}.Debug|Mixed Platforms.Build.0 = Debug|Win32
		{AA614219-3729-4279-ACD7-9F943AD83F38}.Debug|Win32.ActiveCfg = Debug|Win32
		{AA614219-3729-4279-ACD7-9F943AD83F38}.Debug|Win32.Build.0 = Debug|Win32
		{AA614219-3729-4279-ACD7-9F943AD83F38}.Release|Any CPU.ActiveCfg = Release|Win32
		{AA614219-3729-4279-ACD7-9F943AD83F38}.Release|Mixed Platforms.ActiveCfg = Release|Win32
		{AA614219-3729-4279-ACD7-9F943AD83F38}.Release|Mixed Platforms.Build.0 = Release|Win32
		{AA614219-3729-4279-ACD7-9F943AD83F38}.Release|Win32.ActiveCfg = Release|Win32
		{AA614219-3729-4279-ACD7-9F943AD83F38}.Release|Win32.Build.0 = Release|Win32
		{974E2080-9A5A-4BFA-B217-92418CFC2EFB}.Debug|Any CPU.ActiveCfg = Debug|Win32
		{974E2080-9A5A-4BFA-B217-92418CFC2EFB}.Debug|Mixed Platforms.ActiveCfg = Debug|Win32
		{974E2080-9A5A-4BFA-B217-92418CFC2EFB}.Debug|Mixed Platforms.Build.0 = Debug|Win32
		{974E2080-9A5A-4BFA-B217-92418CFC2EFB}.Debug|Win32.ActiveCfg = Debug|Win32
		{974E2080-9A5A-4BFA-B217-92418CFC2EFB}.Debug|Win32.Build.0 = Debug|Win32
		{974E2080-9A5A-4BFA-B217-92418CFC2EFB}.Release|Any CPU.ActiveCfg = Release|Win32
		{974E2080-9A5A-4BFA-B217-92418CFC2EFB}.Release|Mixed Platforms.ActiveCfg = Release|Win32
		{974E2080-9A5A-4BFA-B217-92418CFC2EFB}.Release|Mixed Platforms.Build.0 = Release|Win32
		{974E2080-9A5A-4BFA-B217-92418CFC2EFB}.Release|Win32.ActiveCfg = Release|Win32
		{974E2080-9A5A-4BFA-B217-92418CFC2EFB}.Release|Win32.Build.0 = Release|Win32
		{6065D76B-6B41-4F11-83A6-9C7D1F367D0B}.Debug|Any CPU.ActiveCfg = Debug|Win32
		{6065D76B-6B41-4F11-83A6-9C7D1F367D0B}.Debug|Mixed Platforms.ActiveCfg = Debug|Win32
		{6065D76B-6B41-4F11-83A6-9C7D1F367D0B}.Debug|Mixed Platforms.Build.0 = Debug|Win32
		{6065D76B-6B41-4F11-83A6-9C7D1F367D0B}.Debug|Win32.ActiveCfg = Debug|Win32
		{6065D76B-6B41-4F11-83A6-9C7D1F367D0B}.Debug|Win32.Build.0 = Debug|Win32
		{6065D76B-6B41-4F11-83A6-9C7D1F367D0B}.Release|Any CPU.ActiveCfg = Release|Win32
		{6065D76B-6B41-4F11-83A6-9C7D1F367D0B}.Release|Mixed Platforms.ActiveCfg = Release|Win32
		{6065D76B-6B41-4F11-83A6-9C7D1F367D0B}.Release|Mixed Platforms.Build.0 = Release|Win32
		{6065D76B-6B41-4F11-83A6-9C7D1F367D0B}.Release|Win32.ActiveCfg = Release|Win32
		{6065D76B-6B41-4F11-83A6-9C7D1F367D0B}.Release|Win32.Build.0 = Release|Win32
	EndGlobalSection
	GlobalSection(SolutionProperties) = preSolution
		HideSolutionNode = FALSE
	EndGlobalSection
	GlobalSection(NestedProjects) = preSolution
		{39C9325F-1890-4E8B-AD37-A8E4F5AB7458} = {D7BC48D8-DBF7-4CE7-925A-E52690EC3B94}
		{C7BF8C48-B6C4-402E-B4DB-7163CB35D5C6} = {D7BC48D8-DBF7-4CE7-925A-E52690EC3B94}
		{0AED93CB-D5FB-4A6F-89A6-F799D0446A9F} = {D7BC48D8-DBF7-4CE7-925A-E52690EC3B94}
		{3CA3EC5C-3713-4BA2-87B8-FC1FF3B35D2C} = {39C9325F-1890-4E8B-AD37-A8E4F5AB7458}
		{74F5938A-A060-4689-9E1B-C3012613244E} = {C7BF8C48-B6C4-402E-B4DB-7163CB35D5C6}
		{38F7F926-2F3A-4590-8605-E57669C405B6} = {C7BF8C48-B6C4-402E-B4DB-7163CB35D5C6}
		{5AB7896D-D1D3-4BB1-8E36-AEEAE94B946E} = {C7BF8C48-B6C4-402E-B4DB-7163CB35D5C6}
		{562F58AC-DB1F-4EBC-B95E-1FE1FD5108A6} = {74F5938A-A060-4689-9E1B-C3012613244E}
		{A5B87F57-6037-41E2-BAB2-B4B6CDB5DCD6} = {74F5938A-A060-4689-9E1B-C3012613244E}
		{325CD393-3A67-4B30-A311-2F549990C7CF} = {38F7F926-2F3A-4590-8605-E57669C405B6}
		{D35B016B-8928-405E-BC14-58D884D4AF0F} = {0AED93CB-D5FB-4A6F-89A6-F799D0446A9F}
		{AA614219-3729-4279-ACD7-9F943AD83F38} = {0AED93CB-D5FB-4A6F-89A6-F799D0446A9F}
		{974E2080-9A5A-4BFA-B217-92418CFC2EFB} = {5AB7896D-D1D3-4BB1-8E36-AEEAE94B946E}
		{6065D76B-6B41-4F11-83A6-9C7D1F367D0B} = {5AB7896D-D1D3-4BB1-8E36-AEEAE94B946E}
	EndGlobalSection
EndGlobal
