
Microsoft Visual Studio Solution File, Format Version 9.00
# Visual Studio 2005
Project("{8BC9CEB8-8B4A-11D0-8D11-00A0C91BC942}") = "ModelSimplify", "ModelSimplify\ModelSimplify.vcproj", "{D35B016B-8928-405E-BC14-58D884D4AF0F}"
EndProject
Global
	GlobalSection(SolutionConfigurationPlatforms) = preSolution
		Debug|Win32 = Debug|Win32
		Release|Win32 = Release|Win32
	EndGlobalSection
	GlobalSection(ProjectConfigurationPlatforms) = postSolution
		{D35B016B-8928-405E-BC14-58D884D4AF0F}.Debug|Win32.ActiveCfg = Debug|Win32
		{D35B016B-8928-405E-BC14-58D884D4AF0F}.Debug|Win32.Build.0 = Debug|Win32
		{D35B016B-8928-405E-BC14-58D884D4AF0F}.Release|Win32.ActiveCfg = Release|Win32
		{D35B016B-8928-405E-BC14-58D884D4AF0F}.Release|Win32.Build.0 = Release|Win32
	EndGlobalSection
	GlobalSection(SolutionProperties) = preSolution
		HideSolutionNode = FALSE
	EndGlobalSection
EndGlobal
